
Microsoft Visual Studio Solution File, Format Version 12.00
# Visual Studio Version 16
VisualStudioVersion = 16.0.29709.97
MinimumVisualStudioVersion = 10.0.40219.1
Project("{FAE04EC0-301F-11D3-BF4B-00C04F79EFBC}") = "Wrapper", "Wrapper.csproj", "{F0554B7A-5E5D-4974-82FF-A9D29FE8E1ED}"
EndProject
Global
	GlobalSection(SolutionConfigurationPlatforms) = preSolution
		Debug|Any CPU = Debug|Any CPU
		Release|Any CPU = Release|Any CPU
	EndGlobalSection
	GlobalSection(ProjectConfigurationPlatforms) = postSolution
		{F0554B7A-5E5D-4974-82FF-A9D29FE8E1ED}.Debug|Any CPU.ActiveCfg = Debug|Any CPU
		{F0554B7A-5E5D-4974-82FF-A9D29FE8E1ED}.Debug|Any CPU.Build.0 = Debug|Any CPU
		{F0554B7A-5E5D-4974-82FF-A9D29FE8E1ED}.Release|Any CPU.ActiveCfg = Release|Any CPU
		{F0554B7A-5E5D-4974-82FF-A9D29FE8E1ED}.Release|Any CPU.Build.0 = Release|Any CPU
	EndGlobalSection
	GlobalSection(SolutionProperties) = preSolution
		HideSolutionNode = FALSE
	EndGlobalSection
	GlobalSection(ExtensibilityGlobals) = postSolution
		SolutionGuid = {2E4B0ECC-2B6C-480B-883E-D68DD5521BDE}
	EndGlobalSection
EndGlobal
